// !$*UTF8*$!
{
	archiveVersion = 1;
	classes = {
	};
	objectVersion = 48;
	objects = {

/* Begin PBXBuildFile section */
		02CBCA7B1FFF8AA90062823F /* AppDelegate.swift in Sources */ = {isa = PBXBuildFile; fileRef = 02CBCA7A1FFF8AA90062823F /* AppDelegate.swift */; };
		02CBCA7D1FFF8AA90062823F /* WeatherViewController.swift in Sources */ = {isa = PBXBuildFile; fileRef = 02CBCA7C1FFF8AA90062823F /* WeatherViewController.swift */; };
		02CBCA801FFF8AA90062823F /* Main.storyboard in Resources */ = {isa = PBXBuildFile; fileRef = 02CBCA7E1FFF8AA90062823F /* Main.storyboard */; };
		02CBCA821FFF8AA90062823F /* Images.xcassets in Resources */ = {isa = PBXBuildFile; fileRef = 02CBCA811FFF8AA90062823F /* Images.xcassets */; };
		02CBCA851FFF8AA90062823F /* LaunchScreen.storyboard in Resources */ = {isa = PBXBuildFile; fileRef = 02CBCA831FFF8AA90062823F /* LaunchScreen.storyboard */; };
		02CBCA941FFFAC440062823F /* CitySearchViewController.swift in Sources */ = {isa = PBXBuildFile; fileRef = 02CBCA931FFFAC440062823F /* CitySearchViewController.swift */; };
		02CBCA9620024A750062823F /* WeatherDataModel.swift in Sources */ = {isa = PBXBuildFile; fileRef = 02CBCA9520024A750062823F /* WeatherDataModel.swift */; };
		4DB4287A1C89B6B0F8FE1CF8 /* Pods_Climeye.framework in Frameworks */ = {isa = PBXBuildFile; fileRef = 8BAA79664A9D7636C2DB7FF7 /* Pods_Climeye.framework */; };
/* End PBXBuildFile section */

/* Begin PBXFileReference section */
		02CBCA771FFF8AA90062823F /* Climeye.app */ = {isa = PBXFileReference; explicitFileType = wrapper.application; includeInIndex = 0; path = Climeye.app; sourceTree = BUILT_PRODUCTS_DIR; };
		02CBCA7A1FFF8AA90062823F /* AppDelegate.swift */ = {isa = PBXFileReference; lastKnownFileType = sourcecode.swift; path = AppDelegate.swift; sourceTree = "<group>"; };
		02CBCA7C1FFF8AA90062823F /* WeatherViewController.swift */ = {isa = PBXFileReference; lastKnownFileType = sourcecode.swift; path = WeatherViewController.swift; sourceTree = "<group>"; };
		02CBCA7F1FFF8AA90062823F /* Base */ = {isa = PBXFileReference; lastKnownFileType = file.storyboard; name = Base; path = Base.lproj/Main.storyboard; sourceTree = "<group>"; };
		02CBCA811FFF8AA90062823F /* Images.xcassets */ = {isa = PBXFileReference; lastKnownFileType = folder.assetcatalog; path = Images.xcassets; sourceTree = "<group>"; };
		02CBCA841FFF8AA90062823F /* Base */ = {isa = PBXFileReference; lastKnownFileType = file.storyboard; name = Base; path = Base.lproj/LaunchScreen.storyboard; sourceTree = "<group>"; };
		02CBCA861FFF8AA90062823F /* Info.plist */ = {isa = PBXFileReference; lastKnownFileType = text.plist.xml; path = Info.plist; sourceTree = "<group>"; };
		02CBCA931FFFAC440062823F /* CitySearchViewController.swift */ = {isa = PBXFileReference; lastKnownFileType = sourcecode.swift; path = CitySearchViewController.swift; sourceTree = "<group>"; };
		02CBCA9520024A750062823F /* WeatherDataModel.swift */ = {isa = PBXFileReference; lastKnownFileType = sourcecode.swift; path = WeatherDataModel.swift; sourceTree = "<group>"; };
		0BBE2DC41BCC051D0993E78F /* Pods-Climeye.release.xcconfig */ = {isa = PBXFileReference; includeInIndex = 1; lastKnownFileType = text.xcconfig; name = "Pods-Climeye.release.xcconfig"; path = "Pods/Target Support Files/Pods-Climeye/Pods-Climeye.release.xcconfig"; sourceTree = "<group>"; };
		20BCAE08BA6C8C125DFEE3AE /* Pods-Climeye.debug.xcconfig */ = {isa = PBXFileReference; includeInIndex = 1; lastKnownFileType = text.xcconfig; name = "Pods-Climeye.debug.xcconfig"; path = "Pods/Target Support Files/Pods-Climeye/Pods-Climeye.debug.xcconfig"; sourceTree = "<group>"; };
		8BAA79664A9D7636C2DB7FF7 /* Pods_Climeye.framework */ = {isa = PBXFileReference; explicitFileType = wrapper.framework; includeInIndex = 0; path = Pods_Climeye.framework; sourceTree = BUILT_PRODUCTS_DIR; };
/* End PBXFileReference section */

/* Begin PBXFrameworksBuildPhase section */
		02CBCA741FFF8AA90062823F /* Frameworks */ = {
			isa = PBXFrameworksBuildPhase;
			buildActionMask = 2147483647;
			files = (
				4DB4287A1C89B6B0F8FE1CF8 /* Pods_Climeye.framework in Frameworks */,
			);
			runOnlyForDeploymentPostprocessing = 0;
		};
/* End PBXFrameworksBuildPhase section */

/* Begin PBXGroup section */
		02CBCA6E1FFF8AA90062823F = {
			isa = PBXGroup;
			children = (
				02CBCA791FFF8AA90062823F /* Climeye */,
				02CBCA781FFF8AA90062823F /* Products */,
				65D9F98B8A3D393B62430727 /* Pods */,
				C114A3F58E492B696226301E /* Frameworks */,
			);
			sourceTree = "<group>";
		};
		02CBCA781FFF8AA90062823F /* Products */ = {
			isa = PBXGroup;
			children = (
				02CBCA771FFF8AA90062823F /* Climeye.app */,
			);
			name = Products;
			sourceTree = "<group>";
		};
		02CBCA791FFF8AA90062823F /* Climeye */ = {
			isa = PBXGroup;
			children = (
				02CBCA8E1FFF8B0D0062823F /* Controller */,
				02CBCA8D1FFF8B050062823F /* View */,
				02CBCA8C1FFF8AF00062823F /* Model */,
				02CBCA811FFF8AA90062823F /* Images.xcassets */,
				02CBCA831FFF8AA90062823F /* LaunchScreen.storyboard */,
				02CBCA861FFF8AA90062823F /* Info.plist */,
			);
			path = Climeye;
			sourceTree = "<group>";
		};
		02CBCA8C1FFF8AF00062823F /* Model */ = {
			isa = PBXGroup;
			children = (
				02CBCA9520024A750062823F /* WeatherDataModel.swift */,
			);
			path = Model;
			sourceTree = "<group>";
		};
		02CBCA8D1FFF8B050062823F /* View */ = {
			isa = PBXGroup;
			children = (
				02CBCA7E1FFF8AA90062823F /* Main.storyboard */,
			);
			path = View;
			sourceTree = "<group>";
		};
		02CBCA8E1FFF8B0D0062823F /* Controller */ = {
			isa = PBXGroup;
			children = (
				02CBCA7C1FFF8AA90062823F /* WeatherViewController.swift */,
				02CBCA7A1FFF8AA90062823F /* AppDelegate.swift */,
				02CBCA931FFFAC440062823F /* CitySearchViewController.swift */,
			);
			path = Controller;
			sourceTree = "<group>";
		};
		65D9F98B8A3D393B62430727 /* Pods */ = {
			isa = PBXGroup;
			children = (
				20BCAE08BA6C8C125DFEE3AE /* Pods-Climeye.debug.xcconfig */,
				0BBE2DC41BCC051D0993E78F /* Pods-Climeye.release.xcconfig */,
			);
			name = Pods;
			sourceTree = "<group>";
		};
		C114A3F58E492B696226301E /* Frameworks */ = {
			isa = PBXGroup;
			children = (
				8BAA79664A9D7636C2DB7FF7 /* Pods_Climeye.framework */,
			);
			name = Frameworks;
			sourceTree = "<group>";
		};
/* End PBXGroup section */

/* Begin PBXNativeTarget section */
		02CBCA761FFF8AA90062823F /* Climeye */ = {
			isa = PBXNativeTarget;
			buildConfigurationList = 02CBCA891FFF8AA90062823F /* Build configuration list for PBXNativeTarget "Climeye" */;
			buildPhases = (
				60A13E648068FD58C53FDF37 /* [CP] Check Pods Manifest.lock */,
				02CBCA731FFF8AA90062823F /* Sources */,
				02CBCA741FFF8AA90062823F /* Frameworks */,
				02CBCA751FFF8AA90062823F /* Resources */,
				93D939590249983B16589DD5 /* [CP] Embed Pods Frameworks */,
				C32DDC90D1E9007E11CEAC63 /* [CP] Copy Pods Resources */,
			);
			buildRules = (
			);
			dependencies = (
			);
			name = Climeye;
			productName = Climeye;
			productReference = 02CBCA771FFF8AA90062823F /* Climeye.app */;
			productType = "com.apple.product-type.application";
		};
/* End PBXNativeTarget section */

/* Begin PBXProject section */
		02CBCA6F1FFF8AA90062823F /* Project object */ = {
			isa = PBXProject;
			attributes = {
				LastSwiftUpdateCheck = 0920;
				LastUpgradeCheck = 0920;
				ORGANIZATIONNAME = "Kelechi Igbokwe";
				TargetAttributes = {
					02CBCA761FFF8AA90062823F = {
						CreatedOnToolsVersion = 9.2;
						ProvisioningStyle = Automatic;
					};
				};
			};
			buildConfigurationList = 02CBCA721FFF8AA90062823F /* Build configuration list for PBXProject "Climeye" */;
			compatibilityVersion = "Xcode 8.0";
			developmentRegion = en;
			hasScannedForEncodings = 0;
			knownRegions = (
				en,
				Base,
			);
			mainGroup = 02CBCA6E1FFF8AA90062823F;
			productRefGroup = 02CBCA781FFF8AA90062823F /* Products */;
			projectDirPath = "";
			projectRoot = "";
			targets = (
				02CBCA761FFF8AA90062823F /* Climeye */,
			);
		};
/* End PBXProject section */

/* Begin PBXResourcesBuildPhase section */
		02CBCA751FFF8AA90062823F /* Resources */ = {
			isa = PBXResourcesBuildPhase;
			buildActionMask = 2147483647;
			files = (
				02CBCA851FFF8AA90062823F /* LaunchScreen.storyboard in Resources */,
				02CBCA821FFF8AA90062823F /* Images.xcassets in Resources */,
				02CBCA801FFF8AA90062823F /* Main.storyboard in Resources */,
			);
			runOnlyForDeploymentPostprocessing = 0;
		};
/* End PBXResourcesBuildPhase section */

/* Begin PBXShellScriptBuildPhase section */
		60A13E648068FD58C53FDF37 /* [CP] Check Pods Manifest.lock */ = {
			isa = PBXShellScriptBuildPhase;
			buildActionMask = 2147483647;
			files = (
			);
			inputPaths = (
				"${PODS_PODFILE_DIR_PATH}/Podfile.lock",
				"${PODS_ROOT}/Manifest.lock",
			);
			name = "[CP] Check Pods Manifest.lock";
			outputPaths = (
				"$(DERIVED_FILE_DIR)/Pods-Climeye-checkManifestLockResult.txt",
			);
			runOnlyForDeploymentPostprocessing = 0;
			shellPath = /bin/sh;
			shellScript = "diff \"${PODS_PODFILE_DIR_PATH}/Podfile.lock\" \"${PODS_ROOT}/Manifest.lock\" > /dev/null\nif [ $? != 0 ] ; then\n    # print error to STDERR\n    echo \"error: The sandbox is not in sync with the Podfile.lock. Run 'pod install' or update your CocoaPods installation.\" >&2\n    exit 1\nfi\n# This output is used by Xcode 'outputs' to avoid re-running this script phase.\necho \"SUCCESS\" > \"${SCRIPT_OUTPUT_FILE_0}\"\n";
			showEnvVarsInLog = 0;
		};
		93D939590249983B16589DD5 /* [CP] Embed Pods Frameworks */ = {
			isa = PBXShellScriptBuildPhase;
			buildActionMask = 2147483647;
			files = (
			);
			inputPaths = (
				"${SRCROOT}/Pods/Target Support Files/Pods-Climeye/Pods-Climeye-frameworks.sh",
				"${BUILT_PRODUCTS_DIR}/Alamofire/Alamofire.framework",
				"${BUILT_PRODUCTS_DIR}/SVProgressHUD/SVProgressHUD.framework",
				"${BUILT_PRODUCTS_DIR}/SwiftyJSON/SwiftyJSON.framework",
			);
			name = "[CP] Embed Pods Frameworks";
			outputPaths = (
				"${TARGET_BUILD_DIR}/${FRAMEWORKS_FOLDER_PATH}/Alamofire.framework",
				"${TARGET_BUILD_DIR}/${FRAMEWORKS_FOLDER_PATH}/SVProgressHUD.framework",
				"${TARGET_BUILD_DIR}/${FRAMEWORKS_FOLDER_PATH}/SwiftyJSON.framework",
			);
			runOnlyForDeploymentPostprocessing = 0;
			shellPath = /bin/sh;
			shellScript = "\"${SRCROOT}/Pods/Target Support Files/Pods-Climeye/Pods-Climeye-frameworks.sh\"\n";
			showEnvVarsInLog = 0;
		};
		C32DDC90D1E9007E11CEAC63 /* [CP] Copy Pods Resources */ = {
			isa = PBXShellScriptBuildPhase;
			buildActionMask = 2147483647;
			files = (
			);
			inputPaths = (
			);
			name = "[CP] Copy Pods Resources";
			outputPaths = (
			);
			runOnlyForDeploymentPostprocessing = 0;
			shellPath = /bin/sh;
			shellScript = "\"${SRCROOT}/Pods/Target Support Files/Pods-Climeye/Pods-Climeye-resources.sh\"\n";
			showEnvVarsInLog = 0;
		};
/* End PBXShellScriptBuildPhase section */

/* Begin PBXSourcesBuildPhase section */
		02CBCA731FFF8AA90062823F /* Sources */ = {
			isa = PBXSourcesBuildPhase;
			buildActionMask = 2147483647;
			files = (
				02CBCA9620024A750062823F /* WeatherDataModel.swift in Sources */,
				02CBCA941FFFAC440062823F /* CitySearchViewController.swift in Sources */,
				02CBCA7D1FFF8AA90062823F /* WeatherViewController.swift in Sources */,
				02CBCA7B1FFF8AA90062823F /* AppDelegate.swift in Sources */,
			);
			runOnlyForDeploymentPostprocessing = 0;
		};
/* End PBXSourcesBuildPhase section */

/* Begin PBXVariantGroup section */
		02CBCA7E1FFF8AA90062823F /* Main.storyboard */ = {
			isa = PBXVariantGroup;
			children = (
				02CBCA7F1FFF8AA90062823F /* Base */,
			);
			name = Main.storyboard;
			sourceTree = "<group>";
		};
		02CBCA831FFF8AA90062823F /* LaunchScreen.storyboard */ = {
			isa = PBXVariantGroup;
			children = (
				02CBCA841FFF8AA90062823F /* Base */,
			);
			name = LaunchScreen.storyboard;
			sourceTree = "<group>";
		};
/* End PBXVariantGroup section */

/* Begin XCBuildConfiguration section */
		02CBCA871FFF8AA90062823F /* Debug */ = {
			isa = XCBuildConfiguration;
			buildSettings = {
				ALWAYS_SEARCH_USER_PATHS = NO;
				CLANG_ANALYZER_NONNULL = YES;
				CLANG_ANALYZER_NUMBER_OBJECT_CONVERSION = YES_AGGRESSIVE;
				CLANG_CXX_LANGUAGE_STANDARD = "gnu++14";
				CLANG_CXX_LIBRARY = "libc++";
				CLANG_ENABLE_MODULES = YES;
				CLANG_ENABLE_OBJC_ARC = YES;
				CLANG_WARN_BLOCK_CAPTURE_AUTORELEASING = YES;
				CLANG_WARN_BOOL_CONVERSION = YES;
				CLANG_WARN_COMMA = YES;
				CLANG_WARN_CONSTANT_CONVERSION = YES;
				CLANG_WARN_DIRECT_OBJC_ISA_USAGE = YES_ERROR;
				CLANG_WARN_DOCUMENTATION_COMMENTS = YES;
				CLANG_WARN_EMPTY_BODY = YES;
				CLANG_WARN_ENUM_CONVERSION = YES;
				CLANG_WARN_INFINITE_RECURSION = YES;
				CLANG_WARN_INT_CONVERSION = YES;
				CLANG_WARN_NON_LITERAL_NULL_CONVERSION = YES;
				CLANG_WARN_OBJC_LITERAL_CONVERSION = YES;
				CLANG_WARN_OBJC_ROOT_CLASS = YES_ERROR;
				CLANG_WARN_RANGE_LOOP_ANALYSIS = YES;
				CLANG_WARN_STRICT_PROTOTYPES = YES;
				CLANG_WARN_SUSPICIOUS_MOVE = YES;
				CLANG_WARN_UNGUARDED_AVAILABILITY = YES_AGGRESSIVE;
				CLANG_WARN_UNREACHABLE_CODE = YES;
				CLANG_WARN__DUPLICATE_METHOD_MATCH = YES;
				CODE_SIGN_IDENTITY = "iPhone Developer";
				COPY_PHASE_STRIP = NO;
				DEBUG_INFORMATION_FORMAT = dwarf;
				ENABLE_STRICT_OBJC_MSGSEND = YES;
				ENABLE_TESTABILITY = YES;
				GCC_C_LANGUAGE_STANDARD = gnu11;
				GCC_DYNAMIC_NO_PIC = NO;
				GCC_NO_COMMON_BLOCKS = YES;
				GCC_OPTIMIZATION_LEVEL = 0;
				GCC_PREPROCESSOR_DEFINITIONS = (
					"DEBUG=1",
					"$(inherited)",
				);
				GCC_WARN_64_TO_32_BIT_CONVERSION = YES;
				GCC_WARN_ABOUT_RETURN_TYPE = YES_ERROR;
				GCC_WARN_UNDECLARED_SELECTOR = YES;
				GCC_WARN_UNINITIALIZED_AUTOS = YES_AGGRESSIVE;
				GCC_WARN_UNUSED_FUNCTION = YES;
				GCC_WARN_UNUSED_VARIABLE = YES;
				IPHONEOS_DEPLOYMENT_TARGET = 11.2;
				MTL_ENABLE_DEBUG_INFO = YES;
				ONLY_ACTIVE_ARCH = YES;
				SDKROOT = iphoneos;
				SWIFT_ACTIVE_COMPILATION_CONDITIONS = DEBUG;
				SWIFT_OPTIMIZATION_LEVEL = "-Onone";
			};
			name = Debug;
		};
		02CBCA881FFF8AA90062823F /* Release */ = {
			isa = XCBuildConfiguration;
			buildSettings = {
				ALWAYS_SEARCH_USER_PATHS = NO;
				CLANG_ANALYZER_NONNULL = YES;
				CLANG_ANALYZER_NUMBER_OBJECT_CONVERSION = YES_AGGRESSIVE;
				CLANG_CXX_LANGUAGE_STANDARD = "gnu++14";
				CLANG_CXX_LIBRARY = "libc++";
				CLANG_ENABLE_MODULES = YES;
				CLANG_ENABLE_OBJC_ARC = YES;
				CLANG_WARN_BLOCK_CAPTURE_AUTORELEASING = YES;
				CLANG_WARN_BOOL_CONVERSION = YES;
				CLANG_WARN_COMMA = YES;
				CLANG_WARN_CONSTANT_CONVERSION = YES;
				CLANG_WARN_DIRECT_OBJC_ISA_USAGE = YES_ERROR;
				CLANG_WARN_DOCUMENTATION_COMMENTS = YES;
				CLANG_WARN_EMPTY_BODY = YES;
				CLANG_WARN_ENUM_CONVERSION = YES;
				CLANG_WARN_INFINITE_RECURSION = YES;
				CLANG_WARN_INT_CONVERSION = YES;
				CLANG_WARN_NON_LITERAL_NULL_CONVERSION = YES;
				CLANG_WARN_OBJC_LITERAL_CONVERSION = YES;
				CLANG_WARN_OBJC_ROOT_CLASS = YES_ERROR;
				CLANG_WARN_RANGE_LOOP_ANALYSIS = YES;
				CLANG_WARN_STRICT_PROTOTYPES = YES;
				CLANG_WARN_SUSPICIOUS_MOVE = YES;
				CLANG_WARN_UNGUARDED_AVAILABILITY = YES_AGGRESSIVE;
				CLANG_WARN_UNREACHABLE_CODE = YES;
				CLANG_WARN__DUPLICATE_METHOD_MATCH = YES;
				CODE_SIGN_IDENTITY = "iPhone Developer";
				COPY_PHASE_STRIP = NO;
				DEBUG_INFORMATION_FORMAT = "dwarf-with-dsym";
				ENABLE_NS_ASSERTIONS = NO;
				ENABLE_STRICT_OBJC_MSGSEND = YES;
				GCC_C_LANGUAGE_STANDARD = gnu11;
				GCC_NO_COMMON_BLOCKS = YES;
				GCC_WARN_64_TO_32_BIT_CONVERSION = YES;
				GCC_WARN_ABOUT_RETURN_TYPE = YES_ERROR;
				GCC_WARN_UNDECLARED_SELECTOR = YES;
				GCC_WARN_UNINITIALIZED_AUTOS = YES_AGGRESSIVE;
				GCC_WARN_UNUSED_FUNCTION = YES;
				GCC_WARN_UNUSED_VARIABLE = YES;
				IPHONEOS_DEPLOYMENT_TARGET = 11.2;
				MTL_ENABLE_DEBUG_INFO = NO;
				SDKROOT = iphoneos;
				SWIFT_OPTIMIZATION_LEVEL = "-Owholemodule";
				VALIDATE_PRODUCT = YES;
			};
			name = Release;
		};
		02CBCA8A1FFF8AA90062823F /* Debug */ = {
			isa = XCBuildConfiguration;
			baseConfigurationReference = 20BCAE08BA6C8C125DFEE3AE /* Pods-Climeye.debug.xcconfig */;
			buildSettings = {
				ASSETCATALOG_COMPILER_APPICON_NAME = AppIcon;
				CODE_SIGN_STYLE = Automatic;
				DEVELOPMENT_TEAM = 57Z7H47LT3;
				INFOPLIST_FILE = Climeye/Info.plist;
				IPHONEOS_DEPLOYMENT_TARGET = 10.0;
				LD_RUNPATH_SEARCH_PATHS = "$(inherited) @executable_path/Frameworks";
				PRODUCT_BUNDLE_IDENTIFIER = com.kells.Climeye;
				PRODUCT_NAME = "$(TARGET_NAME)";
				SWIFT_VERSION = 4.0;
				TARGETED_DEVICE_FAMILY = 1;
			};
			name = Debug;
		};
		02CBCA8B1FFF8AA90062823F /* Release */ = {
			isa = XCBuildConfiguration;
			baseConfigurationReference = 0BBE2DC41BCC051D0993E78F /* Pods-Climeye.release.xcconfig */;
			buildSettings = {
				ASSETCATALOG_COMPILER_APPICON_NAME = AppIcon;
				CODE_SIGN_STYLE = Automatic;
				DEVELOPMENT_TEAM = 57Z7H47LT3;
				INFOPLIST_FILE = Climeye/Info.plist;
				IPHONEOS_DEPLOYMENT_TARGET = 10.0;
				LD_RUNPATH_SEARCH_PATHS = "$(inherited) @executable_path/Frameworks";
				PRODUCT_BUNDLE_IDENTIFIER = com.kells.Climeye;
				PRODUCT_NAME = "$(TARGET_NAME)";
				SWIFT_VERSION = 4.0;
				TARGETED_DEVICE_FAMILY = 1;
			};
			name = Release;
		};
/* End XCBuildConfiguration section */

/* Begin XCConfigurationList section */
		02CBCA721FFF8AA90062823F /* Build configuration list for PBXProject "Climeye" */ = {
			isa = XCConfigurationList;
			buildConfigurations = (
				02CBCA871FFF8AA90062823F /* Debug */,
				02CBCA881FFF8AA90062823F /* Release */,
			);
			defaultConfigurationIsVisible = 0;
			defaultConfigurationName = Release;
		};
		02CBCA891FFF8AA90062823F /* Build configuration list for PBXNativeTarget "Climeye" */ = {
			isa = XCConfigurationList;
			buildConfigurations = (
				02CBCA8A1FFF8AA90062823F /* Debug */,
				02CBCA8B1FFF8AA90062823F /* Release */,
			);
			defaultConfigurationIsVisible = 0;
			defaultConfigurationName = Release;
		};
/* End XCConfigurationList section */
	};
	rootObject = 02CBCA6F1FFF8AA90062823F /* Project object */;
}
